
Microsoft Visual Studio Solution File, Format Version 12.00
# Visual Studio Version 17
VisualStudioVersion = 17.3.32811.315
MinimumVisualStudioVersion = 10.0.40219.1
Project("{8BC9CEB8-8B4A-11D0-8D11-00A0C91BC942}") = "pattern_stack", "pattern_stack\pattern_stack.vcxproj", "{7A41F2AA-4BF4-44BE-AFCD-60C8F7691263}"
EndProject
Global
	GlobalSection(SolutionConfigurationPlatforms) = preSolution
		Debug|x64 = Debug|x64
		Debug|x86 = Debug|x86
		Release|x64 = Release|x64
		Release|x86 = Release|x86
	EndGlobalSection
	GlobalSection(ProjectConfigurationPlatforms) = postSolution
		{7A41F2AA-4BF4-44BE-AFCD-60C8F7691263}.Debug|x64.ActiveCfg = Debug|x64
		{7A41F2AA-4BF4-44BE-AFCD-60C8F7691263}.Debug|x64.Build.0 = Debug|x64
		{7A41F2AA-4BF4-44BE-AFCD-60C8F7691263}.Debug|x86.ActiveCfg = Debug|Win32
		{7A41F2AA-4BF4-44BE-AFCD-60C8F7691263}.Debug|x86.Build.0 = Debug|Win32
		{7A41F2AA-4BF4-44BE-AFCD-60C8F7691263}.Release|x64.ActiveCfg = Release|x64
		{7A41F2AA-4BF4-44BE-AFCD-60C8F7691263}.Release|x64.Build.0 = Release|x64
		{7A41F2AA-4BF4-44BE-AFCD-60C8F7691263}.Release|x86.ActiveCfg = Release|Win32
		{7A41F2AA-4BF4-44BE-AFCD-60C8F7691263}.Release|x86.Build.0 = Release|Win32
	EndGlobalSection
	GlobalSection(SolutionProperties) = preSolution
		HideSolutionNode = FALSE
	EndGlobalSection
	GlobalSection(ExtensibilityGlobals) = postSolution
		SolutionGuid = {71BCB50E-7E72-45A4-9A37-871EFA0EBAF6}
	EndGlobalSection
EndGlobal
